
Microsoft Visual Studio Solution File, Format Version 12.00
# Visual Studio Version 16
VisualStudioVersion = 16.0.32510.428
MinimumVisualStudioVersion = 10.0.40219.1
Project("{FAE04EC0-301F-11D3-BF4B-00C04F79EFBC}") = "Rename2022V1001", "Rename\Rename2022V1001.csproj", "{0EF74909-0A79-4361-B525-6C7F80D8A5C6}"
EndProject
Global
	GlobalSection(SolutionConfigurationPlatforms) = preSolution
		Debug|Any CPU = Debug|Any CPU
		Release|Any CPU = Release|Any CPU
	EndGlobalSection
	GlobalSection(ProjectConfigurationPlatforms) = postSolution
		{0EF74909-0A79-4361-B525-6C7F80D8A5C6}.Debug|Any CPU.ActiveCfg = Debug|Any CPU
		{0EF74909-0A79-4361-B525-6C7F80D8A5C6}.Debug|Any CPU.Build.0 = Debug|Any CPU
		{0EF74909-0A79-4361-B525-6C7F80D8A5C6}.Release|Any CPU.ActiveCfg = Release|Any CPU
		{0EF74909-0A79-4361-B525-6C7F80D8A5C6}.Release|Any CPU.Build.0 = Release|Any CPU
	EndGlobalSection
	GlobalSection(SolutionProperties) = preSolution
		HideSolutionNode = FALSE
	EndGlobalSection
	GlobalSection(ExtensibilityGlobals) = postSolution
		SolutionGuid = {1FAE29DC-8411-429B-872F-5E7818939870}
	EndGlobalSection
EndGlobal
